
Microsoft Visual Studio Solution File, Format Version 12.00
# Visual Studio 15
VisualStudioVersion = 15.0.28307.960
MinimumVisualStudioVersion = 10.0.40219.1
Project("{FAE04EC0-301F-11D3-BF4B-00C04F79EFBC}") = "myEncryption", "myEncryption\myEncryption.csproj", "{A4BAA90F-8E00-46CB-93F9-7815C1928521}"
EndProject
Global
	GlobalSection(SolutionConfigurationPlatforms) = preSolution
		Debug|Any CPU = Debug|Any CPU
		Release|Any CPU = Release|Any CPU
	EndGlobalSection
	GlobalSection(ProjectConfigurationPlatforms) = postSolution
		{A4BAA90F-8E00-46CB-93F9-7815C1928521}.Debug|Any CPU.ActiveCfg = Debug|Any CPU
		{A4BAA90F-8E00-46CB-93F9-7815C1928521}.Debug|Any CPU.Build.0 = Debug|Any CPU
		{A4BAA90F-8E00-46CB-93F9-7815C1928521}.Release|Any CPU.ActiveCfg = Release|Any CPU
		{A4BAA90F-8E00-46CB-93F9-7815C1928521}.Release|Any CPU.Build.0 = Release|Any CPU
	EndGlobalSection
	GlobalSection(SolutionProperties) = preSolution
		HideSolutionNode = FALSE
	EndGlobalSection
	GlobalSection(ExtensibilityGlobals) = postSolution
		SolutionGuid = {9FA37C30-035D-41BE-9AE9-C8C428E3B9C1}
	EndGlobalSection
EndGlobal
